{
  "nodes": {
    "flakeNimbleLib": {
      "inputs": {
        "nixpkgs": [
          "nixpkgs"
        ]
      },
      "locked": {
        "lastModified": 1646967037,
        "narHash": "sha256-BoEqkGzLVnFICrF15wczZJrfF1vMVngRzF5cEgFzdzU=",
        "owner": "riinr",
        "repo": "nim-flakes-lib",
        "rev": "028e7596fdb918b72a295d220d48417ab2f5dfd1",
        "type": "github"
      },
      "original": {
        "owner": "riinr",
        "ref": "master",
        "repo": "nim-flakes-lib",
        "type": "github"
      }
    },
    "fswatch": {
      "inputs": {
        "flakeNimbleLib": [
          "flakeNimbleLib"
        ],
        "fswatch-0_1_0": "fswatch-0_1_0",
        "fswatch-master": "fswatch-master",
        "nixpkgs": [
          "nixpkgs"
        ]
      },
      "locked": {
        "lastModified": 1647062854,
        "narHash": "sha256-Rd8Duh4qcIjMcAwkta5BJTsJulwsXfJFeUUHMqnLn2U=",
        "owner": "nim-nix-pkgs",
        "repo": "fswatch",
        "rev": "357c56ee2c14f0ae8f84685e65615daa13a9e367",
        "type": "github"
      },
      "original": {
        "owner": "nim-nix-pkgs",
        "ref": "master",
        "repo": "fswatch",
        "type": "github"
      }
    },
    "fswatch-0_1_0": {
      "inputs": {
        "flakeNimbleLib": [
          "fswatch",
          "flakeNimbleLib"
        ],
        "nixpkgs": [
          "fswatch",
          "nixpkgs"
        ],
        "src-fswatch-0_1_0": "src-fswatch-0_1_0"
      },
      "locked": {
        "narHash": "sha256-gZKzMgACpPWJX9pZojmRl7TNI2VLgKlsbFekrJygQ4M=",
        "path": "./0_1_0",
        "type": "path"
      },
      "original": {
        "path": "./0_1_0",
        "type": "path"
      }
    },
    "fswatch-master": {
      "inputs": {
        "flakeNimbleLib": [
          "fswatch",
          "flakeNimbleLib"
        ],
        "nixpkgs": [
          "fswatch",
          "nixpkgs"
        ],
        "src-fswatch-master": "src-fswatch-master"
      },
      "locked": {
        "narHash": "sha256-hqp263SIKioQfLoGuzjPhk6qfrtm6AMFQ7NreI8OhRo=",
        "path": "./master",
        "type": "path"
      },
      "original": {
        "path": "./master",
        "type": "path"
      }
    },
    "libnotify": {
      "inputs": {
        "flakeNimbleLib": [
          "flakeNimbleLib"
        ],
        "libnotify-master": "libnotify-master",
        "nixpkgs": [
          "nixpkgs"
        ]
      },
      "locked": {
        "lastModified": 1647064607,
        "narHash": "sha256-H8D10wEl6NmDDOeL5Rf8i2INCpowU/+G9gvHVa+1tiE=",
        "owner": "nim-nix-pkgs",
        "repo": "libnotify",
        "rev": "337368d645eb43b5c195f1bfd073a83a83363cd7",
        "type": "github"
      },
      "original": {
        "owner": "nim-nix-pkgs",
        "ref": "master",
        "repo": "libnotify",
        "type": "github"
      }
    },
    "libnotify-master": {
      "inputs": {
        "flakeNimbleLib": [
          "libnotify",
          "flakeNimbleLib"
        ],
        "nixpkgs": [
          "libnotify",
          "nixpkgs"
        ],
        "src-fswatch-master": "src-fswatch-master_2"
      },
      "locked": {
        "narHash": "sha256-hqp263SIKioQfLoGuzjPhk6qfrtm6AMFQ7NreI8OhRo=",
        "path": "./master",
        "type": "path"
      },
      "original": {
        "path": "./master",
        "type": "path"
      }
    },
    "nixpkgs": {
      "locked": {
        "narHash": "sha256-7sWpWRO0IsBP5jm9qCrpuzDkWC7UAghiCmZZ+1uqHKo=",
        "path": "/nix/store/q2jrkx5a3z6yxzbfai0kxpnqki80jm3l-source",
        "type": "path"
      },
      "original": {
        "id": "nixpkgs",
        "type": "indirect"
      }
    },
    "root": {
      "inputs": {
        "flakeNimbleLib": "flakeNimbleLib",
        "fswatch": "fswatch",
        "libnotify": "libnotify",
        "nixpkgs": "nixpkgs",
        "src-testrunner-master": "src-testrunner-master"
      }
    },
    "src-fswatch-0_1_0": {
      "flake": false,
      "locked": {
        "lastModified": 1554655607,
        "narHash": "sha256-E2ajcp9iQ6/K0rgOwhWTMfg3n8C0atRwovxqSRI4aaA=",
        "owner": "FedericoCeratto",
        "repo": "nim-fswatch",
        "rev": "60d5190328d019cd53bc7ea58c3252db5036b4c7",
        "type": "github"
      },
      "original": {
        "owner": "FedericoCeratto",
        "ref": "refs/tags/0.1.0",
        "repo": "nim-fswatch",
        "type": "github"
      }
    },
    "src-fswatch-master": {
      "flake": false,
      "locked": {
        "lastModified": 1554655607,
        "narHash": "sha256-E2ajcp9iQ6/K0rgOwhWTMfg3n8C0atRwovxqSRI4aaA=",
        "owner": "FedericoCeratto",
        "repo": "nim-fswatch",
        "rev": "60d5190328d019cd53bc7ea58c3252db5036b4c7",
        "type": "github"
      },
      "original": {
        "owner": "FedericoCeratto",
        "ref": "refs/heads/master",
        "repo": "nim-fswatch",
        "type": "github"
      }
    },
    "src-fswatch-master_2": {
      "flake": false,
      "locked": {
        "lastModified": 1554655607,
        "narHash": "sha256-E2ajcp9iQ6/K0rgOwhWTMfg3n8C0atRwovxqSRI4aaA=",
        "owner": "FedericoCeratto",
        "repo": "nim-fswatch",
        "rev": "60d5190328d019cd53bc7ea58c3252db5036b4c7",
        "type": "github"
      },
      "original": {
        "owner": "FedericoCeratto",
        "ref": "refs/heads/master",
        "repo": "nim-fswatch",
        "type": "github"
      }
    },
    "src-testrunner-master": {
      "flake": false,
      "locked": {
        "lastModified": 1584299984,
        "narHash": "sha256-XBYXWnOKG+VkZBGL54f3wpXg7FI0sy/asieEW3IRSec=",
        "owner": "FedericoCeratto",
        "repo": "nim-testrunner",
        "rev": "aabb86b6f3268fe03564a393e9e45319cae1101c",
        "type": "github"
      },
      "original": {
        "owner": "FedericoCeratto",
        "ref": "refs/heads/master",
        "repo": "nim-testrunner",
        "type": "github"
      }
    }
  },
  "root": "root",
  "version": 7
}
